
Microsoft Visual Studio Solution File, Format Version 12.00
# Visual Studio Version 17
VisualStudioVersion = 17.1.32328.378
MinimumVisualStudioVersion = 10.0.40219.1
Project("{9A19103F-16F7-4668-BE54-9A1E7A4F7556}") = "ElonsToys", "ElonsToys.csproj", "{0E3D6A88-AA9A-44B3-9B2A-2331A7637E78}"
EndProject
Global
	GlobalSection(SolutionConfigurationPlatforms) = preSolution
		Debug|Any CPU = Debug|Any CPU
		Release|Any CPU = Release|Any CPU
	EndGlobalSection
	GlobalSection(ProjectConfigurationPlatforms) = postSolution
		{0E3D6A88-AA9A-44B3-9B2A-2331A7637E78}.Debug|Any CPU.ActiveCfg = Debug|Any CPU
		{0E3D6A88-AA9A-44B3-9B2A-2331A7637E78}.Debug|Any CPU.Build.0 = Debug|Any CPU
		{0E3D6A88-AA9A-44B3-9B2A-2331A7637E78}.Release|Any CPU.ActiveCfg = Release|Any CPU
		{0E3D6A88-AA9A-44B3-9B2A-2331A7637E78}.Release|Any CPU.Build.0 = Release|Any CPU
	EndGlobalSection
	GlobalSection(SolutionProperties) = preSolution
		HideSolutionNode = FALSE
	EndGlobalSection
	GlobalSection(ExtensibilityGlobals) = postSolution
		SolutionGuid = {F02C8DD7-1B5A-4483-BACD-2028390646BA}
	EndGlobalSection
EndGlobal
