
Microsoft Visual Studio Solution File, Format Version 12.00
# Visual Studio Version 17
VisualStudioVersion = 17.1.32414.318
MinimumVisualStudioVersion = 10.0.40219.1
Project("{9A19103F-16F7-4668-BE54-9A1E7A4F7556}") = "RotationalCipher", "RotationalCipher.csproj", "{A8055D05-48B0-4546-B243-A2E27EE14751}"
EndProject
Global
	GlobalSection(SolutionConfigurationPlatforms) = preSolution
		Debug|Any CPU = Debug|Any CPU
		Release|Any CPU = Release|Any CPU
	EndGlobalSection
	GlobalSection(ProjectConfigurationPlatforms) = postSolution
		{A8055D05-48B0-4546-B243-A2E27EE14751}.Debug|Any CPU.ActiveCfg = Debug|Any CPU
		{A8055D05-48B0-4546-B243-A2E27EE14751}.Debug|Any CPU.Build.0 = Debug|Any CPU
		{A8055D05-48B0-4546-B243-A2E27EE14751}.Release|Any CPU.ActiveCfg = Release|Any CPU
		{A8055D05-48B0-4546-B243-A2E27EE14751}.Release|Any CPU.Build.0 = Release|Any CPU
	EndGlobalSection
	GlobalSection(SolutionProperties) = preSolution
		HideSolutionNode = FALSE
	EndGlobalSection
	GlobalSection(ExtensibilityGlobals) = postSolution
		SolutionGuid = {92B36FE8-E1CA-4C4B-9C57-29939BF7C9C0}
	EndGlobalSection
EndGlobal
